{
  "originHash" : "f5f4e17ad0c84870be845a73522f5a1b233c29e7519e3256adff048126140627",
  "pins" : [
    {
      "identity" : "drawerpresentation",
      "kind" : "remoteSourceControl",
      "location" : "https://github.com/noppefoxwolf/DrawerPresentation",
      "state" : {
        "revision" : "f49dc860d4e4fd6f6837372619f9a7eed283dd12",
        "version" : "0.0.13"
      }
    }
  ],
  "version" : 3
}
